
Microsoft Visual Studio Solution File, Format Version 12.00
# Visual Studio Version 17
VisualStudioVersion = 17.8.34330.188
MinimumVisualStudioVersion = 10.0.40219.1
Project("{9A19103F-16F7-4668-BE54-9A1E7A4F7556}") = "ComfyCarry", "src\ComfyCarry\ComfyCarry.csproj", "{C0FFEE00-1111-2222-3333-445566778899}"
EndProject
Project("{2150E333-8FDC-42A3-9474-1A3956D46DE8}") = "src", "src", "{827E0CD3-B72D-47B6-A68D-7590B98EB39B}"
EndProject
Project("{FAE04EC0-301F-11D3-BF4B-00C04F79EFBC}") = "ComfyCarry.Launcher", "src\ComfyCarry.Launcher\ComfyCarry.Launcher.csproj", "{FBBFC655-89A7-42C8-BEEE-5F6730A93430}"
EndProject
Global
	GlobalSection(SolutionConfigurationPlatforms) = preSolution
		Debug|x64 = Debug|x64
		Debug|Any CPU = Debug|Any CPU
		Debug|x86 = Debug|x86
		Release|x64 = Release|x64
		Release|Any CPU = Release|Any CPU
		Release|x86 = Release|x86
	EndGlobalSection
	GlobalSection(ProjectConfigurationPlatforms) = postSolution
		{C0FFEE00-1111-2222-3333-445566778899}.Debug|x64.ActiveCfg = Debug|x64
		{C0FFEE00-1111-2222-3333-445566778899}.Debug|x64.Build.0 = Debug|x64
		{C0FFEE00-1111-2222-3333-445566778899}.Debug|Any CPU.ActiveCfg = Debug|Any CPU
		{C0FFEE00-1111-2222-3333-445566778899}.Debug|Any CPU.Build.0 = Debug|Any CPU
		{C0FFEE00-1111-2222-3333-445566778899}.Debug|x86.ActiveCfg = Debug|Any CPU
		{C0FFEE00-1111-2222-3333-445566778899}.Debug|x86.Build.0 = Debug|Any CPU
		{C0FFEE00-1111-2222-3333-445566778899}.Release|x64.ActiveCfg = Release|x64
		{C0FFEE00-1111-2222-3333-445566778899}.Release|x64.Build.0 = Release|x64
		{C0FFEE00-1111-2222-3333-445566778899}.Release|Any CPU.ActiveCfg = Release|Any CPU
		{C0FFEE00-1111-2222-3333-445566778899}.Release|Any CPU.Build.0 = Release|Any CPU
		{C0FFEE00-1111-2222-3333-445566778899}.Release|x86.ActiveCfg = Release|Any CPU
		{C0FFEE00-1111-2222-3333-445566778899}.Release|x86.Build.0 = Release|Any CPU
		{FBBFC655-89A7-42C8-BEEE-5F6730A93430}.Debug|x64.ActiveCfg = Debug|x64
		{FBBFC655-89A7-42C8-BEEE-5F6730A93430}.Debug|x64.Build.0 = Debug|x64
		{FBBFC655-89A7-42C8-BEEE-5F6730A93430}.Debug|Any CPU.ActiveCfg = Debug|x64
		{FBBFC655-89A7-42C8-BEEE-5F6730A93430}.Debug|Any CPU.Build.0 = Debug|x64
		{FBBFC655-89A7-42C8-BEEE-5F6730A93430}.Debug|x86.ActiveCfg = Debug|x64
		{FBBFC655-89A7-42C8-BEEE-5F6730A93430}.Debug|x86.Build.0 = Debug|x64
		{FBBFC655-89A7-42C8-BEEE-5F6730A93430}.Release|x64.ActiveCfg = Release|x64
		{FBBFC655-89A7-42C8-BEEE-5F6730A93430}.Release|x64.Build.0 = Release|x64
		{FBBFC655-89A7-42C8-BEEE-5F6730A93430}.Release|Any CPU.ActiveCfg = Release|x64
		{FBBFC655-89A7-42C8-BEEE-5F6730A93430}.Release|Any CPU.Build.0 = Release|x64
		{FBBFC655-89A7-42C8-BEEE-5F6730A93430}.Release|x86.ActiveCfg = Release|x64
		{FBBFC655-89A7-42C8-BEEE-5F6730A93430}.Release|x86.Build.0 = Release|x64
	EndGlobalSection
	GlobalSection(SolutionProperties) = preSolution
		HideSolutionNode = FALSE
	EndGlobalSection
	GlobalSection(NestedProjects) = preSolution
		{FBBFC655-89A7-42C8-BEEE-5F6730A93430} = {827E0CD3-B72D-47B6-A68D-7590B98EB39B}
	EndGlobalSection
	GlobalSection(ExtensibilityGlobals) = postSolution
		SolutionGuid = {BADC0FFE-1234-5678-9ABC-DEF012345678}
	EndGlobalSection
EndGlobal
